
Microsoft Visual Studio Solution File, Format Version 12.00
# Visual Studio Version 16
VisualStudioVersion = 16.0.29411.108
MinimumVisualStudioVersion = 10.0.40219.1
Project("{8BC9CEB8-8B4A-11D0-8D11-00A0C91BC942}") = "Testing", "Testing.vcxproj", "{7913D89C-E59E-4608-B20E-96FD36457D84}"
EndProject
Global
	GlobalSection(SolutionConfigurationPlatforms) = preSolution
		Debug|x64 = Debug|x64
		Debug|x86 = Debug|x86
		Release|x64 = Release|x64
		Release|x86 = Release|x86
	EndGlobalSection
	GlobalSection(ProjectConfigurationPlatforms) = postSolution
		{7913D89C-E59E-4608-B20E-96FD36457D84}.Debug|x64.ActiveCfg = Debug|x64
		{7913D89C-E59E-4608-B20E-96FD36457D84}.Debug|x64.Build.0 = Debug|x64
		{7913D89C-E59E-4608-B20E-96FD36457D84}.Debug|x86.ActiveCfg = Debug|Win32
		{7913D89C-E59E-4608-B20E-96FD36457D84}.Debug|x86.Build.0 = Debug|Win32
		{7913D89C-E59E-4608-B20E-96FD36457D84}.Release|x64.ActiveCfg = Release|x64
		{7913D89C-E59E-4608-B20E-96FD36457D84}.Release|x64.Build.0 = Release|x64
		{7913D89C-E59E-4608-B20E-96FD36457D84}.Release|x86.ActiveCfg = Release|Win32
		{7913D89C-E59E-4608-B20E-96FD36457D84}.Release|x86.Build.0 = Release|Win32
	EndGlobalSection
	GlobalSection(SolutionProperties) = preSolution
		HideSolutionNode = FALSE
	EndGlobalSection
	GlobalSection(ExtensibilityGlobals) = postSolution
		SolutionGuid = {A64FBDB0-9BAB-4571-B0BA-3D5B5F9F2BF8}
	EndGlobalSection
EndGlobal
